
Microsoft Visual Studio Solution File, Format Version 12.00
# Visual Studio Version 16
VisualStudioVersion = 16.0.31112.23
MinimumVisualStudioVersion = 10.0.40219.1
Project("{FAE04EC0-301F-11D3-BF4B-00C04F79EFBC}") = "TCP", "TCP\TCP.csproj", "{AE0E9982-6698-4C8D-AD0D-9958A61529DD}"
EndProject
Global
	GlobalSection(SolutionConfigurationPlatforms) = preSolution
		Debug|Any CPU = Debug|Any CPU
		Release|Any CPU = Release|Any CPU
	EndGlobalSection
	GlobalSection(ProjectConfigurationPlatforms) = postSolution
		{AE0E9982-6698-4C8D-AD0D-9958A61529DD}.Debug|Any CPU.ActiveCfg = Debug|Any CPU
		{AE0E9982-6698-4C8D-AD0D-9958A61529DD}.Debug|Any CPU.Build.0 = Debug|Any CPU
		{AE0E9982-6698-4C8D-AD0D-9958A61529DD}.Release|Any CPU.ActiveCfg = Release|Any CPU
		{AE0E9982-6698-4C8D-AD0D-9958A61529DD}.Release|Any CPU.Build.0 = Release|Any CPU
	EndGlobalSection
	GlobalSection(SolutionProperties) = preSolution
		HideSolutionNode = FALSE
	EndGlobalSection
	GlobalSection(ExtensibilityGlobals) = postSolution
		SolutionGuid = {992EA88C-4DB6-4B22-96F4-5FFABA5B1818}
	EndGlobalSection
EndGlobal
